
Microsoft Visual Studio Solution File, Format Version 12.00
# Visual Studio Version 17
VisualStudioVersion = 17.1.32421.90
MinimumVisualStudioVersion = 10.0.40219.1
Project("{FAE04EC0-301F-11D3-BF4B-00C04F79EFBC}") = "DACN", "DACN\DACN.csproj", "{5030EB1E-AFF0-4CC3-99EE-B88E0CCB802C}"
EndProject
Global
	GlobalSection(SolutionConfigurationPlatforms) = preSolution
		Debug|Any CPU = Debug|Any CPU
		Release|Any CPU = Release|Any CPU
	EndGlobalSection
	GlobalSection(ProjectConfigurationPlatforms) = postSolution
		{5030EB1E-AFF0-4CC3-99EE-B88E0CCB802C}.Debug|Any CPU.ActiveCfg = Debug|Any CPU
		{5030EB1E-AFF0-4CC3-99EE-B88E0CCB802C}.Debug|Any CPU.Build.0 = Debug|Any CPU
		{5030EB1E-AFF0-4CC3-99EE-B88E0CCB802C}.Release|Any CPU.ActiveCfg = Release|Any CPU
		{5030EB1E-AFF0-4CC3-99EE-B88E0CCB802C}.Release|Any CPU.Build.0 = Release|Any CPU
	EndGlobalSection
	GlobalSection(SolutionProperties) = preSolution
		HideSolutionNode = FALSE
	EndGlobalSection
	GlobalSection(ExtensibilityGlobals) = postSolution
		SolutionGuid = {696865D0-EA5D-497C-B518-1621C0A2ADE6}
	EndGlobalSection
EndGlobal
